
Microsoft Visual Studio Solution File, Format Version 12.00
# Visual Studio Version 16
VisualStudioVersion = 16.0.28803.352
MinimumVisualStudioVersion = 10.0.40219.1
Project("{FAE04EC0-301F-11D3-BF4B-00C04F79EFBC}") = "DealMusicList", "DealMusicList\DealMusicList.csproj", "{D4F4A372-25B0-4320-B542-2A89B26AEB44}"
EndProject
Global
	GlobalSection(SolutionConfigurationPlatforms) = preSolution
		Debug|Any CPU = Debug|Any CPU
		Release|Any CPU = Release|Any CPU
	EndGlobalSection
	GlobalSection(ProjectConfigurationPlatforms) = postSolution
		{D4F4A372-25B0-4320-B542-2A89B26AEB44}.Debug|Any CPU.ActiveCfg = Debug|Any CPU
		{D4F4A372-25B0-4320-B542-2A89B26AEB44}.Debug|Any CPU.Build.0 = Debug|Any CPU
		{D4F4A372-25B0-4320-B542-2A89B26AEB44}.Release|Any CPU.ActiveCfg = Release|Any CPU
		{D4F4A372-25B0-4320-B542-2A89B26AEB44}.Release|Any CPU.Build.0 = Release|Any CPU
	EndGlobalSection
	GlobalSection(SolutionProperties) = preSolution
		HideSolutionNode = FALSE
	EndGlobalSection
	GlobalSection(ExtensibilityGlobals) = postSolution
		SolutionGuid = {30E1D760-47D8-4ADA-A4EF-D14485361A8B}
	EndGlobalSection
EndGlobal
